
Microsoft Visual Studio Solution File, Format Version 12.00
# Visual Studio Version 17
VisualStudioVersion = 17.4.33205.214
MinimumVisualStudioVersion = 10.0.40219.1
Project("{FAE04EC0-301F-11D3-BF4B-00C04F79EFBC}") = "TcddBiletOtomasyon", "TcddBiletOtomasyon\TcddBiletOtomasyon.csproj", "{88A5EF2C-8BB6-48F3-A810-CBC0145BD694}"
EndProject
Global
	GlobalSection(SolutionConfigurationPlatforms) = preSolution
		Debug|Any CPU = Debug|Any CPU
		Release|Any CPU = Release|Any CPU
	EndGlobalSection
	GlobalSection(ProjectConfigurationPlatforms) = postSolution
		{88A5EF2C-8BB6-48F3-A810-CBC0145BD694}.Debug|Any CPU.ActiveCfg = Debug|Any CPU
		{88A5EF2C-8BB6-48F3-A810-CBC0145BD694}.Debug|Any CPU.Build.0 = Debug|Any CPU
		{88A5EF2C-8BB6-48F3-A810-CBC0145BD694}.Release|Any CPU.ActiveCfg = Release|Any CPU
		{88A5EF2C-8BB6-48F3-A810-CBC0145BD694}.Release|Any CPU.Build.0 = Release|Any CPU
	EndGlobalSection
	GlobalSection(SolutionProperties) = preSolution
		HideSolutionNode = FALSE
	EndGlobalSection
	GlobalSection(ExtensibilityGlobals) = postSolution
		SolutionGuid = {4EFD360A-EF7B-42FB-9FBF-76B7BBEA3FCD}
	EndGlobalSection
EndGlobal
